
Microsoft Visual Studio Solution File, Format Version 12.00
# Visual Studio Version 16
VisualStudioVersion = 16.0.31624.102
MinimumVisualStudioVersion = 10.0.40219.1
Project("{FAE04EC0-301F-11D3-BF4B-00C04F79EFBC}") = "Base", "Base.csproj", "{C0F2576D-271C-4FD5-9E65-97C23467436E}"
EndProject
Global
	GlobalSection(SolutionConfigurationPlatforms) = preSolution
		Debug|Any CPU = Debug|Any CPU
		Release|Any CPU = Release|Any CPU
	EndGlobalSection
	GlobalSection(ProjectConfigurationPlatforms) = postSolution
		{C0F2576D-271C-4FD5-9E65-97C23467436E}.Debug|Any CPU.ActiveCfg = Debug|Any CPU
		{C0F2576D-271C-4FD5-9E65-97C23467436E}.Debug|Any CPU.Build.0 = Debug|Any CPU
		{C0F2576D-271C-4FD5-9E65-97C23467436E}.Release|Any CPU.ActiveCfg = Release|Any CPU
		{C0F2576D-271C-4FD5-9E65-97C23467436E}.Release|Any CPU.Build.0 = Release|Any CPU
	EndGlobalSection
	GlobalSection(SolutionProperties) = preSolution
		HideSolutionNode = FALSE
	EndGlobalSection
	GlobalSection(ExtensibilityGlobals) = postSolution
		SolutionGuid = {9639B881-8A84-4677-97D4-3130908B1F5A}
	EndGlobalSection
EndGlobal
